
Microsoft Visual Studio Solution File, Format Version 12.00
# Visual Studio Version 17
VisualStudioVersion = 17.10.35027.167
MinimumVisualStudioVersion = 10.0.40219.1
Project("{FAE04EC0-301F-11D3-BF4B-00C04F79EFBC}") = "while", "while.csproj", "{1EF6B204-419B-402B-9BEF-4D6D12C7BBAB}"
EndProject
Global
	GlobalSection(SolutionConfigurationPlatforms) = preSolution
		Debug|Any CPU = Debug|Any CPU
		Release|Any CPU = Release|Any CPU
	EndGlobalSection
	GlobalSection(ProjectConfigurationPlatforms) = postSolution
		{1EF6B204-419B-402B-9BEF-4D6D12C7BBAB}.Debug|Any CPU.ActiveCfg = Debug|Any CPU
		{1EF6B204-419B-402B-9BEF-4D6D12C7BBAB}.Debug|Any CPU.Build.0 = Debug|Any CPU
		{1EF6B204-419B-402B-9BEF-4D6D12C7BBAB}.Release|Any CPU.ActiveCfg = Release|Any CPU
		{1EF6B204-419B-402B-9BEF-4D6D12C7BBAB}.Release|Any CPU.Build.0 = Release|Any CPU
	EndGlobalSection
	GlobalSection(SolutionProperties) = preSolution
		HideSolutionNode = FALSE
	EndGlobalSection
	GlobalSection(ExtensibilityGlobals) = postSolution
		SolutionGuid = {E6FC2CDA-316E-481B-B588-D50CC84D754F}
	EndGlobalSection
EndGlobal
